<Solution>
  <Project Path="ClinicaDental.API/ClinicaDental.API.csproj" />
  <Project Path="ClinicaDental.Application/ClinicaDental.Application.csproj" />
  <Project Path="ClinicaDental.Domain/ClinicaDental.Domain.csproj" />
  <Project Path="ClinicaDental.Infrastructure/ClinicaDental.Infrastructure.csproj" />
</Solution>
